{
  "nodes": {
    "flake-parts": {
      "inputs": {
        "nixpkgs-lib": "nixpkgs-lib"
      },
      "locked": {
        "lastModified": 1751413152,
        "narHash": "sha256-Tyw1RjYEsp5scoigs1384gIg6e0GoBVjms4aXFfRssQ=",
        "owner": "hercules-ci",
        "repo": "flake-parts",
        "rev": "77826244401ea9de6e3bac47c2db46005e1f30b5",
        "type": "github"
      },
      "original": {
        "owner": "hercules-ci",
        "repo": "flake-parts",
        "type": "github"
      }
    },
    "flake-utils": {
      "inputs": {
        "systems": "systems"
      },
      "locked": {
        "lastModified": 1731533236,
        "narHash": "sha256-l0KFg5HjrsfsO/JpG+r7fRrqm12kzFHyUHqHCVpMMbI=",
        "owner": "numtide",
        "repo": "flake-utils",
        "rev": "11707dc2f618dd54ca8739b309ec4fc024de578b",
        "type": "github"
      },
      "original": {
        "owner": "numtide",
        "repo": "flake-utils",
        "type": "github"
      }
    },
    "nixpkgs": {
      "locked": {
        "lastModified": 1751637120,
        "narHash": "sha256-xVNy/XopSfIG9c46nRmPaKfH1Gn/56vQ8++xWA8itO4=",
        "owner": "NixOS",
        "repo": "nixpkgs",
        "rev": "5c724ed1388e53cc231ed98330a60eb2f7be4be3",
        "type": "github"
      },
      "original": {
        "owner": "NixOS",
        "ref": "nixos-unstable",
        "repo": "nixpkgs",
        "type": "github"
      }
    },
    "nixpkgs-lib": {
      "locked": {
        "lastModified": 1751159883,
        "narHash": "sha256-urW/Ylk9FIfvXfliA1ywh75yszAbiTEVgpPeinFyVZo=",
        "owner": "nix-community",
        "repo": "nixpkgs.lib",
        "rev": "14a40a1d7fb9afa4739275ac642ed7301a9ba1ab",
        "type": "github"
      },
      "original": {
        "owner": "nix-community",
        "repo": "nixpkgs.lib",
        "type": "github"
      }
    },
    "pyproject-nix": {
      "inputs": {
        "nixpkgs": [
          "nixpkgs"
        ]
      },
      "locked": {
        "lastModified": 1751557494,
        "narHash": "sha256-dnueIffmEKtG0V4feifalsOYaHXXsrGMaoKI+4O7v/8=",
        "owner": "nix-community",
        "repo": "pyproject.nix",
        "rev": "939ef94aea81c17bfd2f388465309eab76c45c37",
        "type": "github"
      },
      "original": {
        "owner": "nix-community",
        "repo": "pyproject.nix",
        "type": "github"
      }
    },
    "pyproject-nix_2": {
      "inputs": {
        "nixpkgs": [
          "uv2nix",
          "nixpkgs"
        ]
      },
      "locked": {
        "lastModified": 1746146146,
        "narHash": "sha256-60+mzI2lbgn+G8F5mz+cmkDvHFn4s5oqcOna1SzYy74=",
        "owner": "pyproject-nix",
        "repo": "pyproject.nix",
        "rev": "3e9623bdd86a3c545e82b7f97cfdba5f07232d9a",
        "type": "github"
      },
      "original": {
        "owner": "pyproject-nix",
        "repo": "pyproject.nix",
        "type": "github"
      }
    },
    "root": {
      "inputs": {
        "flake-parts": "flake-parts",
        "nixpkgs": "nixpkgs",
        "pyproject-nix": "pyproject-nix",
        "sequential-thinking-mcp": "sequential-thinking-mcp",
        "uv2nix": "uv2nix"
      }
    },
    "sequential-thinking-mcp": {
      "inputs": {
        "flake-utils": "flake-utils",
        "nixpkgs": [
          "nixpkgs"
        ]
      },
      "locked": {
        "lastModified": 1751846511,
        "narHash": "sha256-JnPvqsgT/BfoCPWtLBOHeG8grQN4giCQbQA0TydKXqI=",
        "owner": "timblaktu",
        "repo": "sequential-thinking-uv",
        "rev": "b85e016efd85ebea2a086baee79f255eb60b5a2c",
        "type": "github"
      },
      "original": {
        "owner": "timblaktu",
        "repo": "sequential-thinking-uv",
        "type": "github"
      }
    },
    "systems": {
      "locked": {
        "lastModified": 1681028828,
        "narHash": "sha256-Vy1rq5AaRuLzOxct8nz4T6wlgyUR7zLU309k9mBC768=",
        "owner": "nix-systems",
        "repo": "default",
        "rev": "da67096a3b9bf56a91d16901293e51ba5b49a27e",
        "type": "github"
      },
      "original": {
        "owner": "nix-systems",
        "repo": "default",
        "type": "github"
      }
    },
    "uv2nix": {
      "inputs": {
        "nixpkgs": [
          "nixpkgs"
        ],
        "pyproject-nix": "pyproject-nix_2"
      },
      "locked": {
        "lastModified": 1751420388,
        "narHash": "sha256-2YFsXeGoDtmi1VZY36j+/MRfwFjKzby2fDEF209uL/E=",
        "owner": "adisbladis",
        "repo": "uv2nix",
        "rev": "65e3a0aabbc1cafc9289c53ccb9777ba0e8b705c",
        "type": "github"
      },
      "original": {
        "owner": "adisbladis",
        "repo": "uv2nix",
        "type": "github"
      }
    }
  },
  "root": "root",
  "version": 7
}
